
Microsoft Visual Studio Solution File, Format Version 12.00
# Visual Studio Version 17
VisualStudioVersion = 17.5.33502.453
MinimumVisualStudioVersion = 10.0.40219.1
Project("{FAE04EC0-301F-11D3-BF4B-00C04F79EFBC}") = "DesktopQRScanner", "DesktopQRScanner\DesktopQRScanner.csproj", "{ACFAB116-BBFB-4287-BC7C-F08083FB5B4B}"
EndProject
Global
	GlobalSection(SolutionConfigurationPlatforms) = preSolution
		Debug|Any CPU = Debug|Any CPU
		Release|Any CPU = Release|Any CPU
	EndGlobalSection
	GlobalSection(ProjectConfigurationPlatforms) = postSolution
		{ACFAB116-BBFB-4287-BC7C-F08083FB5B4B}.Debug|Any CPU.ActiveCfg = Debug|Any CPU
		{ACFAB116-BBFB-4287-BC7C-F08083FB5B4B}.Debug|Any CPU.Build.0 = Debug|Any CPU
		{ACFAB116-BBFB-4287-BC7C-F08083FB5B4B}.Release|Any CPU.ActiveCfg = Release|Any CPU
		{ACFAB116-BBFB-4287-BC7C-F08083FB5B4B}.Release|Any CPU.Build.0 = Release|Any CPU
	EndGlobalSection
	GlobalSection(SolutionProperties) = preSolution
		HideSolutionNode = FALSE
	EndGlobalSection
	GlobalSection(ExtensibilityGlobals) = postSolution
		SolutionGuid = {5AC5FEE2-EAF7-4D52-81FB-D2941A8FAB5F}
	EndGlobalSection
EndGlobal
